// !$*UTF8*$!
{
	archiveVersion = 1;
	classes = {
	};
	objectVersion = 56;
	objects = {

/* Begin PBXBuildFile section */
		220E43E22B91B7EC00E10143 /* AppDelegate.swift in Sources */ = {isa = PBXBuildFile; fileRef = 220E43E12B91B7EC00E10143 /* AppDelegate.swift */; };
		220E43E42B91B7EC00E10143 /* SceneDelegate.swift in Sources */ = {isa = PBXBuildFile; fileRef = 220E43E32B91B7EC00E10143 /* SceneDelegate.swift */; };
		220E43E62B91B7EC00E10143 /* TableViewController.swift in Sources */ = {isa = PBXBuildFile; fileRef = 220E43E52B91B7EC00E10143 /* TableViewController.swift */; };
		220E43E92B91B7EC00E10143 /* Main.storyboard in Resources */ = {isa = PBXBuildFile; fileRef = 220E43E72B91B7EC00E10143 /* Main.storyboard */; };
		220E43EB2B91B7ED00E10143 /* Assets.xcassets in Resources */ = {isa = PBXBuildFile; fileRef = 220E43EA2B91B7ED00E10143 /* Assets.xcassets */; };
		220E43EE2B91B7ED00E10143 /* LaunchScreen.storyboard in Resources */ = {isa = PBXBuildFile; fileRef = 220E43EC2B91B7ED00E10143 /* LaunchScreen.storyboard */; };
		220FFD912B9EF401004B00B3 /* CustomTableViewCell.swift in Sources */ = {isa = PBXBuildFile; fileRef = 220FFD902B9EF401004B00B3 /* CustomTableViewCell.swift */; };
		2232DCB12B9AAFEE0010F7B4 /* CollectionViewController.swift in Sources */ = {isa = PBXBuildFile; fileRef = 2232DCB02B9AAFEE0010F7B4 /* CollectionViewController.swift */; };
		224511DD2B99C12C00605E39 /* CollectionViewCell.swift in Sources */ = {isa = PBXBuildFile; fileRef = 224511DC2B99C12C00605E39 /* CollectionViewCell.swift */; };
		2262D39D2B9B02DA00B1EA04 /* MemeViewController.swift in Sources */ = {isa = PBXBuildFile; fileRef = 2262D39C2B9B02DA00B1EA04 /* MemeViewController.swift */; };
		22C00F272B95B4C300211D6A /* Meme.swift in Sources */ = {isa = PBXBuildFile; fileRef = 22C00F262B95B4C300211D6A /* Meme.swift */; };
		22F887472BAA861C007EBFB9 /* MemeDetailViewController.swift in Sources */ = {isa = PBXBuildFile; fileRef = 22F887462BAA861C007EBFB9 /* MemeDetailViewController.swift */; };
/* End PBXBuildFile section */

/* Begin PBXFileReference section */
		220E43DE2B91B7EC00E10143 /* memeapp.app */ = {isa = PBXFileReference; explicitFileType = wrapper.application; includeInIndex = 0; path = memeapp.app; sourceTree = BUILT_PRODUCTS_DIR; };
		220E43E12B91B7EC00E10143 /* AppDelegate.swift */ = {isa = PBXFileReference; lastKnownFileType = sourcecode.swift; path = AppDelegate.swift; sourceTree = "<group>"; };
		220E43E32B91B7EC00E10143 /* SceneDelegate.swift */ = {isa = PBXFileReference; lastKnownFileType = sourcecode.swift; path = SceneDelegate.swift; sourceTree = "<group>"; };
		220E43E52B91B7EC00E10143 /* TableViewController.swift */ = {isa = PBXFileReference; lastKnownFileType = sourcecode.swift; path = TableViewController.swift; sourceTree = "<group>"; };
		220E43E82B91B7EC00E10143 /* Base */ = {isa = PBXFileReference; lastKnownFileType = file.storyboard; name = Base; path = Base.lproj/Main.storyboard; sourceTree = "<group>"; };
		220E43EA2B91B7ED00E10143 /* Assets.xcassets */ = {isa = PBXFileReference; lastKnownFileType = folder.assetcatalog; path = Assets.xcassets; sourceTree = "<group>"; };
		220E43ED2B91B7ED00E10143 /* Base */ = {isa = PBXFileReference; lastKnownFileType = file.storyboard; name = Base; path = Base.lproj/LaunchScreen.storyboard; sourceTree = "<group>"; };
		220E43EF2B91B7ED00E10143 /* Info.plist */ = {isa = PBXFileReference; lastKnownFileType = text.plist.xml; path = Info.plist; sourceTree = "<group>"; };
		220FFD902B9EF401004B00B3 /* CustomTableViewCell.swift */ = {isa = PBXFileReference; lastKnownFileType = sourcecode.swift; path = CustomTableViewCell.swift; sourceTree = "<group>"; };
		2232DCB02B9AAFEE0010F7B4 /* CollectionViewController.swift */ = {isa = PBXFileReference; lastKnownFileType = sourcecode.swift; path = CollectionViewController.swift; sourceTree = "<group>"; };
		224511DC2B99C12C00605E39 /* CollectionViewCell.swift */ = {isa = PBXFileReference; lastKnownFileType = sourcecode.swift; path = CollectionViewCell.swift; sourceTree = "<group>"; };
		2262D39C2B9B02DA00B1EA04 /* MemeViewController.swift */ = {isa = PBXFileReference; lastKnownFileType = sourcecode.swift; path = MemeViewController.swift; sourceTree = "<group>"; };
		22C00F262B95B4C300211D6A /* Meme.swift */ = {isa = PBXFileReference; lastKnownFileType = sourcecode.swift; path = Meme.swift; sourceTree = "<group>"; };
		22F887462BAA861C007EBFB9 /* MemeDetailViewController.swift */ = {isa = PBXFileReference; lastKnownFileType = sourcecode.swift; path = MemeDetailViewController.swift; sourceTree = "<group>"; };
/* End PBXFileReference section */

/* Begin PBXFrameworksBuildPhase section */
		220E43DB2B91B7EC00E10143 /* Frameworks */ = {
			isa = PBXFrameworksBuildPhase;
			buildActionMask = 2147483647;
			files = (
			);
			runOnlyForDeploymentPostprocessing = 0;
		};
/* End PBXFrameworksBuildPhase section */

/* Begin PBXGroup section */
		220E43D52B91B7EC00E10143 = {
			isa = PBXGroup;
			children = (
				220E43E02B91B7EC00E10143 /* memeapp */,
				220E43DF2B91B7EC00E10143 /* Products */,
			);
			sourceTree = "<group>";
		};
		220E43DF2B91B7EC00E10143 /* Products */ = {
			isa = PBXGroup;
			children = (
				220E43DE2B91B7EC00E10143 /* memeapp.app */,
			);
			name = Products;
			sourceTree = "<group>";
		};
		220E43E02B91B7EC00E10143 /* memeapp */ = {
			isa = PBXGroup;
			children = (
				220E43E12B91B7EC00E10143 /* AppDelegate.swift */,
				220E43E32B91B7EC00E10143 /* SceneDelegate.swift */,
				220E43E52B91B7EC00E10143 /* TableViewController.swift */,
				220E43E72B91B7EC00E10143 /* Main.storyboard */,
				220E43EA2B91B7ED00E10143 /* Assets.xcassets */,
				220E43EC2B91B7ED00E10143 /* LaunchScreen.storyboard */,
				220E43EF2B91B7ED00E10143 /* Info.plist */,
				22C00F262B95B4C300211D6A /* Meme.swift */,
				224511DC2B99C12C00605E39 /* CollectionViewCell.swift */,
				2232DCB02B9AAFEE0010F7B4 /* CollectionViewController.swift */,
				2262D39C2B9B02DA00B1EA04 /* MemeViewController.swift */,
				220FFD902B9EF401004B00B3 /* CustomTableViewCell.swift */,
				22F887462BAA861C007EBFB9 /* MemeDetailViewController.swift */,
			);
			path = memeapp;
			sourceTree = "<group>";
		};
/* End PBXGroup section */

/* Begin PBXNativeTarget section */
		220E43DD2B91B7EC00E10143 /* memeapp */ = {
			isa = PBXNativeTarget;
			buildConfigurationList = 220E43F22B91B7ED00E10143 /* Build configuration list for PBXNativeTarget "memeapp" */;
			buildPhases = (
				220E43DA2B91B7EC00E10143 /* Sources */,
				220E43DB2B91B7EC00E10143 /* Frameworks */,
				220E43DC2B91B7EC00E10143 /* Resources */,
			);
			buildRules = (
			);
			dependencies = (
			);
			name = memeapp;
			productName = memeapp;
			productReference = 220E43DE2B91B7EC00E10143 /* memeapp.app */;
			productType = "com.apple.product-type.application";
		};
/* End PBXNativeTarget section */

/* Begin PBXProject section */
		220E43D62B91B7EC00E10143 /* Project object */ = {
			isa = PBXProject;
			attributes = {
				BuildIndependentTargetsInParallel = 1;
				LastSwiftUpdateCheck = 1520;
				LastUpgradeCheck = 1520;
				TargetAttributes = {
					220E43DD2B91B7EC00E10143 = {
						CreatedOnToolsVersion = 15.2;
					};
				};
			};
			buildConfigurationList = 220E43D92B91B7EC00E10143 /* Build configuration list for PBXProject "memeapp" */;
			compatibilityVersion = "Xcode 14.0";
			developmentRegion = en;
			hasScannedForEncodings = 0;
			knownRegions = (
				en,
				Base,
			);
			mainGroup = 220E43D52B91B7EC00E10143;
			productRefGroup = 220E43DF2B91B7EC00E10143 /* Products */;
			projectDirPath = "";
			projectRoot = "";
			targets = (
				220E43DD2B91B7EC00E10143 /* memeapp */,
			);
		};
/* End PBXProject section */

/* Begin PBXResourcesBuildPhase section */
		220E43DC2B91B7EC00E10143 /* Resources */ = {
			isa = PBXResourcesBuildPhase;
			buildActionMask = 2147483647;
			files = (
				220E43EE2B91B7ED00E10143 /* LaunchScreen.storyboard in Resources */,
				220E43EB2B91B7ED00E10143 /* Assets.xcassets in Resources */,
				220E43E92B91B7EC00E10143 /* Main.storyboard in Resources */,
			);
			runOnlyForDeploymentPostprocessing = 0;
		};
/* End PBXResourcesBuildPhase section */

/* Begin PBXSourcesBuildPhase section */
		220E43DA2B91B7EC00E10143 /* Sources */ = {
			isa = PBXSourcesBuildPhase;
			buildActionMask = 2147483647;
			files = (
				22F887472BAA861C007EBFB9 /* MemeDetailViewController.swift in Sources */,
				220E43E62B91B7EC00E10143 /* TableViewController.swift in Sources */,
				22C00F272B95B4C300211D6A /* Meme.swift in Sources */,
				220FFD912B9EF401004B00B3 /* CustomTableViewCell.swift in Sources */,
				224511DD2B99C12C00605E39 /* CollectionViewCell.swift in Sources */,
				2262D39D2B9B02DA00B1EA04 /* MemeViewController.swift in Sources */,
				220E43E22B91B7EC00E10143 /* AppDelegate.swift in Sources */,
				2232DCB12B9AAFEE0010F7B4 /* CollectionViewController.swift in Sources */,
				220E43E42B91B7EC00E10143 /* SceneDelegate.swift in Sources */,
			);
			runOnlyForDeploymentPostprocessing = 0;
		};
/* End PBXSourcesBuildPhase section */

/* Begin PBXVariantGroup section */
		220E43E72B91B7EC00E10143 /* Main.storyboard */ = {
			isa = PBXVariantGroup;
			children = (
				220E43E82B91B7EC00E10143 /* Base */,
			);
			name = Main.storyboard;
			sourceTree = "<group>";
		};
		220E43EC2B91B7ED00E10143 /* LaunchScreen.storyboard */ = {
			isa = PBXVariantGroup;
			children = (
				220E43ED2B91B7ED00E10143 /* Base */,
			);
			name = LaunchScreen.storyboard;
			sourceTree = "<group>";
		};
/* End PBXVariantGroup section */

/* Begin XCBuildConfiguration section */
		220E43F02B91B7ED00E10143 /* Debug */ = {
			isa = XCBuildConfiguration;
			buildSettings = {
				ALWAYS_SEARCH_USER_PATHS = NO;
				ASSETCATALOG_COMPILER_GENERATE_SWIFT_ASSET_SYMBOL_EXTENSIONS = YES;
				CLANG_ANALYZER_NONNULL = YES;
				CLANG_ANALYZER_NUMBER_OBJECT_CONVERSION = YES_AGGRESSIVE;
				CLANG_CXX_LANGUAGE_STANDARD = "gnu++20";
				CLANG_ENABLE_MODULES = YES;
				CLANG_ENABLE_OBJC_ARC = YES;
				CLANG_ENABLE_OBJC_WEAK = YES;
				CLANG_WARN_BLOCK_CAPTURE_AUTORELEASING = YES;
				CLANG_WARN_BOOL_CONVERSION = YES;
				CLANG_WARN_COMMA = YES;
				CLANG_WARN_CONSTANT_CONVERSION = YES;
				CLANG_WARN_DEPRECATED_OBJC_IMPLEMENTATIONS = YES;
				CLANG_WARN_DIRECT_OBJC_ISA_USAGE = YES_ERROR;
				CLANG_WARN_DOCUMENTATION_COMMENTS = YES;
				CLANG_WARN_EMPTY_BODY = YES;
				CLANG_WARN_ENUM_CONVERSION = YES;
				CLANG_WARN_INFINITE_RECURSION = YES;
				CLANG_WARN_INT_CONVERSION = YES;
				CLANG_WARN_NON_LITERAL_NULL_CONVERSION = YES;
				CLANG_WARN_OBJC_IMPLICIT_RETAIN_SELF = YES;
				CLANG_WARN_OBJC_LITERAL_CONVERSION = YES;
				CLANG_WARN_OBJC_ROOT_CLASS = YES_ERROR;
				CLANG_WARN_QUOTED_INCLUDE_IN_FRAMEWORK_HEADER = YES;
				CLANG_WARN_RANGE_LOOP_ANALYSIS = YES;
				CLANG_WARN_STRICT_PROTOTYPES = YES;
				CLANG_WARN_SUSPICIOUS_MOVE = YES;
				CLANG_WARN_UNGUARDED_AVAILABILITY = YES_AGGRESSIVE;
				CLANG_WARN_UNREACHABLE_CODE = YES;
				CLANG_WARN__DUPLICATE_METHOD_MATCH = YES;
				COPY_PHASE_STRIP = NO;
				DEBUG_INFORMATION_FORMAT = dwarf;
				ENABLE_STRICT_OBJC_MSGSEND = YES;
				ENABLE_TESTABILITY = YES;
				ENABLE_USER_SCRIPT_SANDBOXING = YES;
				GCC_C_LANGUAGE_STANDARD = gnu17;
				GCC_DYNAMIC_NO_PIC = NO;
				GCC_NO_COMMON_BLOCKS = YES;
				GCC_OPTIMIZATION_LEVEL = 0;
				GCC_PREPROCESSOR_DEFINITIONS = (
					"DEBUG=1",
					"$(inherited)",
				);
				GCC_WARN_64_TO_32_BIT_CONVERSION = YES;
				GCC_WARN_ABOUT_RETURN_TYPE = YES_ERROR;
				GCC_WARN_UNDECLARED_SELECTOR = YES;
				GCC_WARN_UNINITIALIZED_AUTOS = YES_AGGRESSIVE;
				GCC_WARN_UNUSED_FUNCTION = YES;
				GCC_WARN_UNUSED_VARIABLE = YES;
				IPHONEOS_DEPLOYMENT_TARGET = 17.2;
				LOCALIZATION_PREFERS_STRING_CATALOGS = YES;
				MTL_ENABLE_DEBUG_INFO = INCLUDE_SOURCE;
				MTL_FAST_MATH = YES;
				ONLY_ACTIVE_ARCH = YES;
				SDKROOT = iphoneos;
				SWIFT_ACTIVE_COMPILATION_CONDITIONS = "DEBUG $(inherited)";
				SWIFT_OPTIMIZATION_LEVEL = "-Onone";
			};
			name = Debug;
		};
		220E43F12B91B7ED00E10143 /* Release */ = {
			isa = XCBuildConfiguration;
			buildSettings = {
				ALWAYS_SEARCH_USER_PATHS = NO;
				ASSETCATALOG_COMPILER_GENERATE_SWIFT_ASSET_SYMBOL_EXTENSIONS = YES;
				CLANG_ANALYZER_NONNULL = YES;
				CLANG_ANALYZER_NUMBER_OBJECT_CONVERSION = YES_AGGRESSIVE;
				CLANG_CXX_LANGUAGE_STANDARD = "gnu++20";
				CLANG_ENABLE_MODULES = YES;
				CLANG_ENABLE_OBJC_ARC = YES;
				CLANG_ENABLE_OBJC_WEAK = YES;
				CLANG_WARN_BLOCK_CAPTURE_AUTORELEASING = YES;
				CLANG_WARN_BOOL_CONVERSION = YES;
				CLANG_WARN_COMMA = YES;
				CLANG_WARN_CONSTANT_CONVERSION = YES;
				CLANG_WARN_DEPRECATED_OBJC_IMPLEMENTATIONS = YES;
				CLANG_WARN_DIRECT_OBJC_ISA_USAGE = YES_ERROR;
				CLANG_WARN_DOCUMENTATION_COMMENTS = YES;
				CLANG_WARN_EMPTY_BODY = YES;
				CLANG_WARN_ENUM_CONVERSION = YES;
				CLANG_WARN_INFINITE_RECURSION = YES;
				CLANG_WARN_INT_CONVERSION = YES;
				CLANG_WARN_NON_LITERAL_NULL_CONVERSION = YES;
				CLANG_WARN_OBJC_IMPLICIT_RETAIN_SELF = YES;
				CLANG_WARN_OBJC_LITERAL_CONVERSION = YES;
				CLANG_WARN_OBJC_ROOT_CLASS = YES_ERROR;
				CLANG_WARN_QUOTED_INCLUDE_IN_FRAMEWORK_HEADER = YES;
				CLANG_WARN_RANGE_LOOP_ANALYSIS = YES;
				CLANG_WARN_STRICT_PROTOTYPES = YES;
				CLANG_WARN_SUSPICIOUS_MOVE = YES;
				CLANG_WARN_UNGUARDED_AVAILABILITY = YES_AGGRESSIVE;
				CLANG_WARN_UNREACHABLE_CODE = YES;
				CLANG_WARN__DUPLICATE_METHOD_MATCH = YES;
				COPY_PHASE_STRIP = NO;
				DEBUG_INFORMATION_FORMAT = "dwarf-with-dsym";
				ENABLE_NS_ASSERTIONS = NO;
				ENABLE_STRICT_OBJC_MSGSEND = YES;
				ENABLE_USER_SCRIPT_SANDBOXING = YES;
				GCC_C_LANGUAGE_STANDARD = gnu17;
				GCC_NO_COMMON_BLOCKS = YES;
				GCC_WARN_64_TO_32_BIT_CONVERSION = YES;
				GCC_WARN_ABOUT_RETURN_TYPE = YES_ERROR;
				GCC_WARN_UNDECLARED_SELECTOR = YES;
				GCC_WARN_UNINITIALIZED_AUTOS = YES_AGGRESSIVE;
				GCC_WARN_UNUSED_FUNCTION = YES;
				GCC_WARN_UNUSED_VARIABLE = YES;
				IPHONEOS_DEPLOYMENT_TARGET = 17.2;
				LOCALIZATION_PREFERS_STRING_CATALOGS = YES;
				MTL_ENABLE_DEBUG_INFO = NO;
				MTL_FAST_MATH = YES;
				SDKROOT = iphoneos;
				SWIFT_COMPILATION_MODE = wholemodule;
				VALIDATE_PRODUCT = YES;
			};
			name = Release;
		};
		220E43F32B91B7ED00E10143 /* Debug */ = {
			isa = XCBuildConfiguration;
			buildSettings = {
				ASSETCATALOG_COMPILER_APPICON_NAME = AppIcon;
				ASSETCATALOG_COMPILER_GLOBAL_ACCENT_COLOR_NAME = AccentColor;
				CODE_SIGN_STYLE = Automatic;
				CURRENT_PROJECT_VERSION = 1;
				DEVELOPMENT_TEAM = V5FNNHBG6X;
				GENERATE_INFOPLIST_FILE = YES;
				INFOPLIST_FILE = memeapp/Info.plist;
				INFOPLIST_KEY_UIApplicationSupportsIndirectInputEvents = YES;
				INFOPLIST_KEY_UILaunchStoryboardName = LaunchScreen;
				INFOPLIST_KEY_UIMainStoryboardFile = Main;
				INFOPLIST_KEY_UISupportedInterfaceOrientations_iPad = "UIInterfaceOrientationPortrait UIInterfaceOrientationPortraitUpsideDown UIInterfaceOrientationLandscapeLeft UIInterfaceOrientationLandscapeRight";
				INFOPLIST_KEY_UISupportedInterfaceOrientations_iPhone = "UIInterfaceOrientationPortrait UIInterfaceOrientationLandscapeLeft UIInterfaceOrientationLandscapeRight";
				IPHONEOS_DEPLOYMENT_TARGET = 14.5;
				LD_RUNPATH_SEARCH_PATHS = (
					"$(inherited)",
					"@executable_path/Frameworks",
				);
				MARKETING_VERSION = 1.0;
				PRODUCT_BUNDLE_IDENTIFIER = khoala8.memeapp;
				PRODUCT_NAME = "$(TARGET_NAME)";
				SWIFT_EMIT_LOC_STRINGS = YES;
				SWIFT_VERSION = 5.0;
				TARGETED_DEVICE_FAMILY = "1,2";
			};
			name = Debug;
		};
		220E43F42B91B7ED00E10143 /* Release */ = {
			isa = XCBuildConfiguration;
			buildSettings = {
				ASSETCATALOG_COMPILER_APPICON_NAME = AppIcon;
				ASSETCATALOG_COMPILER_GLOBAL_ACCENT_COLOR_NAME = AccentColor;
				CODE_SIGN_STYLE = Automatic;
				CURRENT_PROJECT_VERSION = 1;
				DEVELOPMENT_TEAM = V5FNNHBG6X;
				GENERATE_INFOPLIST_FILE = YES;
				INFOPLIST_FILE = memeapp/Info.plist;
				INFOPLIST_KEY_UIApplicationSupportsIndirectInputEvents = YES;
				INFOPLIST_KEY_UILaunchStoryboardName = LaunchScreen;
				INFOPLIST_KEY_UIMainStoryboardFile = Main;
				INFOPLIST_KEY_UISupportedInterfaceOrientations_iPad = "UIInterfaceOrientationPortrait UIInterfaceOrientationPortraitUpsideDown UIInterfaceOrientationLandscapeLeft UIInterfaceOrientationLandscapeRight";
				INFOPLIST_KEY_UISupportedInterfaceOrientations_iPhone = "UIInterfaceOrientationPortrait UIInterfaceOrientationLandscapeLeft UIInterfaceOrientationLandscapeRight";
				IPHONEOS_DEPLOYMENT_TARGET = 14.5;
				LD_RUNPATH_SEARCH_PATHS = (
					"$(inherited)",
					"@executable_path/Frameworks",
				);
				MARKETING_VERSION = 1.0;
				PRODUCT_BUNDLE_IDENTIFIER = khoala8.memeapp;
				PRODUCT_NAME = "$(TARGET_NAME)";
				SWIFT_EMIT_LOC_STRINGS = YES;
				SWIFT_VERSION = 5.0;
				TARGETED_DEVICE_FAMILY = "1,2";
			};
			name = Release;
		};
/* End XCBuildConfiguration section */

/* Begin XCConfigurationList section */
		220E43D92B91B7EC00E10143 /* Build configuration list for PBXProject "memeapp" */ = {
			isa = XCConfigurationList;
			buildConfigurations = (
				220E43F02B91B7ED00E10143 /* Debug */,
				220E43F12B91B7ED00E10143 /* Release */,
			);
			defaultConfigurationIsVisible = 0;
			defaultConfigurationName = Release;
		};
		220E43F22B91B7ED00E10143 /* Build configuration list for PBXNativeTarget "memeapp" */ = {
			isa = XCConfigurationList;
			buildConfigurations = (
				220E43F32B91B7ED00E10143 /* Debug */,
				220E43F42B91B7ED00E10143 /* Release */,
			);
			defaultConfigurationIsVisible = 0;
			defaultConfigurationName = Release;
		};
/* End XCConfigurationList section */
	};
	rootObject = 220E43D62B91B7EC00E10143 /* Project object */;
}
